
Microsoft Visual Studio Solution File, Format Version 11.00
# Visual Studio 2010
Project("{FAE04EC0-301F-11D3-BF4B-00C04F79EFBC}") = "StudentRegistration", "StudentRegistration\StudentRegistration.csproj", "{322CA103-7A60-4C0D-97FD-7B2D1B44B470}"
EndProject
Global
	GlobalSection(SolutionConfigurationPlatforms) = preSolution
		Debug|x86 = Debug|x86
		Release|x86 = Release|x86
	EndGlobalSection
	GlobalSection(ProjectConfigurationPlatforms) = postSolution
		{322CA103-7A60-4C0D-97FD-7B2D1B44B470}.Debug|x86.ActiveCfg = Debug|x86
		{322CA103-7A60-4C0D-97FD-7B2D1B44B470}.Debug|x86.Build.0 = Debug|x86
		{322CA103-7A60-4C0D-97FD-7B2D1B44B470}.Release|x86.ActiveCfg = Release|x86
		{322CA103-7A60-4C0D-97FD-7B2D1B44B470}.Release|x86.Build.0 = Release|x86
	EndGlobalSection
	GlobalSection(SolutionProperties) = preSolution
		HideSolutionNode = FALSE
	EndGlobalSection
EndGlobal
